// !$*UTF8*$!
{
	archiveVersion = 1;
	classes = {
	};
	objectVersion = 52;
	objects = {

/* Begin PBXBuildFile section */
		FA1CF24226F24E8500C5E3F6 /* AppDelegate.swift in Sources */ = {isa = PBXBuildFile; fileRef = FA1CF24126F24E8500C5E3F6 /* AppDelegate.swift */; };
		FA1CF24426F24E8500C5E3F6 /* SceneDelegate.swift in Sources */ = {isa = PBXBuildFile; fileRef = FA1CF24326F24E8500C5E3F6 /* SceneDelegate.swift */; };
		FA1CF24626F24E8500C5E3F6 /* SearchViewController.swift in Sources */ = {isa = PBXBuildFile; fileRef = FA1CF24526F24E8500C5E3F6 /* SearchViewController.swift */; };
		FA1CF24926F24E8500C5E3F6 /* Main.storyboard in Resources */ = {isa = PBXBuildFile; fileRef = FA1CF24726F24E8500C5E3F6 /* Main.storyboard */; };
		FA1CF24B26F24E8800C5E3F6 /* Assets.xcassets in Resources */ = {isa = PBXBuildFile; fileRef = FA1CF24A26F24E8800C5E3F6 /* Assets.xcassets */; };
		FA1CF24E26F24E8800C5E3F6 /* LaunchScreen.storyboard in Resources */ = {isa = PBXBuildFile; fileRef = FA1CF24C26F24E8800C5E3F6 /* LaunchScreen.storyboard */; };
		FA1CF27226F2568000C5E3F6 /* PhotosViewController.swift in Sources */ = {isa = PBXBuildFile; fileRef = FA1CF27126F2568000C5E3F6 /* PhotosViewController.swift */; };
		FA2FBA9B26F3E08000678F0C /* PhotoModel.swift in Sources */ = {isa = PBXBuildFile; fileRef = FA2FBA9A26F3E08000678F0C /* PhotoModel.swift */; };
		FA2FBA9D26F3E65200678F0C /* NetworkService.swift in Sources */ = {isa = PBXBuildFile; fileRef = FA2FBA9C26F3E65200678F0C /* NetworkService.swift */; };
		FA2FBA9F26F3E79D00678F0C /* SearchPhotosServise.swift in Sources */ = {isa = PBXBuildFile; fileRef = FA2FBA9E26F3E79D00678F0C /* SearchPhotosServise.swift */; };
		FA2FBAA226F6928900678F0C /* Kingfisher in Frameworks */ = {isa = PBXBuildFile; productRef = FA2FBAA126F6928900678F0C /* Kingfisher */; };
		FA2FBAA526F877A900678F0C /* PhotosViewCell.swift in Sources */ = {isa = PBXBuildFile; fileRef = FA2FBAA326F877A900678F0C /* PhotosViewCell.swift */; };
		FA2FBAA626F877A900678F0C /* PhotosViewCell.xib in Resources */ = {isa = PBXBuildFile; fileRef = FA2FBAA426F877A900678F0C /* PhotosViewCell.xib */; };
/* End PBXBuildFile section */

/* Begin PBXFileReference section */
		FA1CF23E26F24E8500C5E3F6 /* photosSearchTestApp.app */ = {isa = PBXFileReference; explicitFileType = wrapper.application; includeInIndex = 0; path = photosSearchTestApp.app; sourceTree = BUILT_PRODUCTS_DIR; };
		FA1CF24126F24E8500C5E3F6 /* AppDelegate.swift */ = {isa = PBXFileReference; lastKnownFileType = sourcecode.swift; path = AppDelegate.swift; sourceTree = "<group>"; };
		FA1CF24326F24E8500C5E3F6 /* SceneDelegate.swift */ = {isa = PBXFileReference; lastKnownFileType = sourcecode.swift; path = SceneDelegate.swift; sourceTree = "<group>"; };
		FA1CF24526F24E8500C5E3F6 /* SearchViewController.swift */ = {isa = PBXFileReference; lastKnownFileType = sourcecode.swift; path = SearchViewController.swift; sourceTree = "<group>"; };
		FA1CF24826F24E8500C5E3F6 /* Base */ = {isa = PBXFileReference; lastKnownFileType = file.storyboard; name = Base; path = Base.lproj/Main.storyboard; sourceTree = "<group>"; };
		FA1CF24A26F24E8800C5E3F6 /* Assets.xcassets */ = {isa = PBXFileReference; lastKnownFileType = folder.assetcatalog; path = Assets.xcassets; sourceTree = "<group>"; };
		FA1CF24D26F24E8800C5E3F6 /* Base */ = {isa = PBXFileReference; lastKnownFileType = file.storyboard; name = Base; path = Base.lproj/LaunchScreen.storyboard; sourceTree = "<group>"; };
		FA1CF24F26F24E8800C5E3F6 /* Info.plist */ = {isa = PBXFileReference; lastKnownFileType = text.plist.xml; path = Info.plist; sourceTree = "<group>"; };
		FA1CF27126F2568000C5E3F6 /* PhotosViewController.swift */ = {isa = PBXFileReference; lastKnownFileType = sourcecode.swift; path = PhotosViewController.swift; sourceTree = "<group>"; };
		FA2FBA9A26F3E08000678F0C /* PhotoModel.swift */ = {isa = PBXFileReference; lastKnownFileType = sourcecode.swift; path = PhotoModel.swift; sourceTree = "<group>"; };
		FA2FBA9C26F3E65200678F0C /* NetworkService.swift */ = {isa = PBXFileReference; lastKnownFileType = sourcecode.swift; path = NetworkService.swift; sourceTree = "<group>"; };
		FA2FBA9E26F3E79D00678F0C /* SearchPhotosServise.swift */ = {isa = PBXFileReference; lastKnownFileType = sourcecode.swift; path = SearchPhotosServise.swift; sourceTree = "<group>"; };
		FA2FBAA326F877A900678F0C /* PhotosViewCell.swift */ = {isa = PBXFileReference; lastKnownFileType = sourcecode.swift; path = PhotosViewCell.swift; sourceTree = "<group>"; };
		FA2FBAA426F877A900678F0C /* PhotosViewCell.xib */ = {isa = PBXFileReference; lastKnownFileType = file.xib; path = PhotosViewCell.xib; sourceTree = "<group>"; };
/* End PBXFileReference section */

/* Begin PBXFrameworksBuildPhase section */
		FA1CF23B26F24E8500C5E3F6 /* Frameworks */ = {
			isa = PBXFrameworksBuildPhase;
			buildActionMask = 2147483647;
			files = (
				FA2FBAA226F6928900678F0C /* Kingfisher in Frameworks */,
			);
			runOnlyForDeploymentPostprocessing = 0;
		};
/* End PBXFrameworksBuildPhase section */

/* Begin PBXGroup section */
		FA1CF23526F24E8500C5E3F6 = {
			isa = PBXGroup;
			children = (
				FA1CF24026F24E8500C5E3F6 /* photosSearchTestApp */,
				FA1CF23F26F24E8500C5E3F6 /* Products */,
			);
			sourceTree = "<group>";
		};
		FA1CF23F26F24E8500C5E3F6 /* Products */ = {
			isa = PBXGroup;
			children = (
				FA1CF23E26F24E8500C5E3F6 /* photosSearchTestApp.app */,
			);
			name = Products;
			sourceTree = "<group>";
		};
		FA1CF24026F24E8500C5E3F6 /* photosSearchTestApp */ = {
			isa = PBXGroup;
			children = (
				FA1CF24126F24E8500C5E3F6 /* AppDelegate.swift */,
				FA1CF24326F24E8500C5E3F6 /* SceneDelegate.swift */,
				FA1CF24526F24E8500C5E3F6 /* SearchViewController.swift */,
				FA2FBAA326F877A900678F0C /* PhotosViewCell.swift */,
				FA2FBAA426F877A900678F0C /* PhotosViewCell.xib */,
				FA1CF24726F24E8500C5E3F6 /* Main.storyboard */,
				FA1CF27126F2568000C5E3F6 /* PhotosViewController.swift */,
				FA2FBA9A26F3E08000678F0C /* PhotoModel.swift */,
				FA2FBA9C26F3E65200678F0C /* NetworkService.swift */,
				FA2FBA9E26F3E79D00678F0C /* SearchPhotosServise.swift */,
				FA1CF24A26F24E8800C5E3F6 /* Assets.xcassets */,
				FA1CF24C26F24E8800C5E3F6 /* LaunchScreen.storyboard */,
				FA1CF24F26F24E8800C5E3F6 /* Info.plist */,
			);
			path = photosSearchTestApp;
			sourceTree = "<group>";
		};
/* End PBXGroup section */

/* Begin PBXNativeTarget section */
		FA1CF23D26F24E8500C5E3F6 /* photosSearchTestApp */ = {
			isa = PBXNativeTarget;
			buildConfigurationList = FA1CF26826F24E8800C5E3F6 /* Build configuration list for PBXNativeTarget "photosSearchTestApp" */;
			buildPhases = (
				FA1CF23A26F24E8500C5E3F6 /* Sources */,
				FA1CF23B26F24E8500C5E3F6 /* Frameworks */,
				FA1CF23C26F24E8500C5E3F6 /* Resources */,
			);
			buildRules = (
			);
			dependencies = (
			);
			name = photosSearchTestApp;
			packageProductDependencies = (
				FA2FBAA126F6928900678F0C /* Kingfisher */,
			);
			productName = photosSerachTestApp;
			productReference = FA1CF23E26F24E8500C5E3F6 /* photosSearchTestApp.app */;
			productType = "com.apple.product-type.application";
		};
/* End PBXNativeTarget section */

/* Begin PBXProject section */
		FA1CF23626F24E8500C5E3F6 /* Project object */ = {
			isa = PBXProject;
			attributes = {
				LastSwiftUpdateCheck = 1250;
				LastUpgradeCheck = 1250;
				TargetAttributes = {
					FA1CF23D26F24E8500C5E3F6 = {
						CreatedOnToolsVersion = 12.5;
					};
				};
			};
			buildConfigurationList = FA1CF23926F24E8500C5E3F6 /* Build configuration list for PBXProject "photosSearchTestApp" */;
			compatibilityVersion = "Xcode 9.3";
			developmentRegion = en;
			hasScannedForEncodings = 0;
			knownRegions = (
				en,
				Base,
			);
			mainGroup = FA1CF23526F24E8500C5E3F6;
			packageReferences = (
				FA2FBAA026F6928900678F0C /* XCRemoteSwiftPackageReference "Kingfisher" */,
			);
			productRefGroup = FA1CF23F26F24E8500C5E3F6 /* Products */;
			projectDirPath = "";
			projectRoot = "";
			targets = (
				FA1CF23D26F24E8500C5E3F6 /* photosSearchTestApp */,
			);
		};
/* End PBXProject section */

/* Begin PBXResourcesBuildPhase section */
		FA1CF23C26F24E8500C5E3F6 /* Resources */ = {
			isa = PBXResourcesBuildPhase;
			buildActionMask = 2147483647;
			files = (
				FA1CF24E26F24E8800C5E3F6 /* LaunchScreen.storyboard in Resources */,
				FA1CF24B26F24E8800C5E3F6 /* Assets.xcassets in Resources */,
				FA1CF24926F24E8500C5E3F6 /* Main.storyboard in Resources */,
				FA2FBAA626F877A900678F0C /* PhotosViewCell.xib in Resources */,
			);
			runOnlyForDeploymentPostprocessing = 0;
		};
/* End PBXResourcesBuildPhase section */

/* Begin PBXSourcesBuildPhase section */
		FA1CF23A26F24E8500C5E3F6 /* Sources */ = {
			isa = PBXSourcesBuildPhase;
			buildActionMask = 2147483647;
			files = (
				FA2FBA9D26F3E65200678F0C /* NetworkService.swift in Sources */,
				FA1CF24626F24E8500C5E3F6 /* SearchViewController.swift in Sources */,
				FA2FBA9F26F3E79D00678F0C /* SearchPhotosServise.swift in Sources */,
				FA1CF27226F2568000C5E3F6 /* PhotosViewController.swift in Sources */,
				FA1CF24226F24E8500C5E3F6 /* AppDelegate.swift in Sources */,
				FA2FBA9B26F3E08000678F0C /* PhotoModel.swift in Sources */,
				FA1CF24426F24E8500C5E3F6 /* SceneDelegate.swift in Sources */,
				FA2FBAA526F877A900678F0C /* PhotosViewCell.swift in Sources */,
			);
			runOnlyForDeploymentPostprocessing = 0;
		};
/* End PBXSourcesBuildPhase section */

/* Begin PBXVariantGroup section */
		FA1CF24726F24E8500C5E3F6 /* Main.storyboard */ = {
			isa = PBXVariantGroup;
			children = (
				FA1CF24826F24E8500C5E3F6 /* Base */,
			);
			name = Main.storyboard;
			sourceTree = "<group>";
		};
		FA1CF24C26F24E8800C5E3F6 /* LaunchScreen.storyboard */ = {
			isa = PBXVariantGroup;
			children = (
				FA1CF24D26F24E8800C5E3F6 /* Base */,
			);
			name = LaunchScreen.storyboard;
			sourceTree = "<group>";
		};
/* End PBXVariantGroup section */

/* Begin XCBuildConfiguration section */
		FA1CF26626F24E8800C5E3F6 /* Debug */ = {
			isa = XCBuildConfiguration;
			buildSettings = {
				ALWAYS_SEARCH_USER_PATHS = NO;
				CLANG_ANALYZER_NONNULL = YES;
				CLANG_ANALYZER_NUMBER_OBJECT_CONVERSION = YES_AGGRESSIVE;
				CLANG_CXX_LANGUAGE_STANDARD = "gnu++14";
				CLANG_CXX_LIBRARY = "libc++";
				CLANG_ENABLE_MODULES = YES;
				CLANG_ENABLE_OBJC_ARC = YES;
				CLANG_ENABLE_OBJC_WEAK = YES;
				CLANG_WARN_BLOCK_CAPTURE_AUTORELEASING = YES;
				CLANG_WARN_BOOL_CONVERSION = YES;
				CLANG_WARN_COMMA = YES;
				CLANG_WARN_CONSTANT_CONVERSION = YES;
				CLANG_WARN_DEPRECATED_OBJC_IMPLEMENTATIONS = YES;
				CLANG_WARN_DIRECT_OBJC_ISA_USAGE = YES_ERROR;
				CLANG_WARN_DOCUMENTATION_COMMENTS = YES;
				CLANG_WARN_EMPTY_BODY = YES;
				CLANG_WARN_ENUM_CONVERSION = YES;
				CLANG_WARN_INFINITE_RECURSION = YES;
				CLANG_WARN_INT_CONVERSION = YES;
				CLANG_WARN_NON_LITERAL_NULL_CONVERSION = YES;
				CLANG_WARN_OBJC_IMPLICIT_RETAIN_SELF = YES;
				CLANG_WARN_OBJC_LITERAL_CONVERSION = YES;
				CLANG_WARN_OBJC_ROOT_CLASS = YES_ERROR;
				CLANG_WARN_QUOTED_INCLUDE_IN_FRAMEWORK_HEADER = YES;
				CLANG_WARN_RANGE_LOOP_ANALYSIS = YES;
				CLANG_WARN_STRICT_PROTOTYPES = YES;
				CLANG_WARN_SUSPICIOUS_MOVE = YES;
				CLANG_WARN_UNGUARDED_AVAILABILITY = YES_AGGRESSIVE;
				CLANG_WARN_UNREACHABLE_CODE = YES;
				CLANG_WARN__DUPLICATE_METHOD_MATCH = YES;
				COPY_PHASE_STRIP = NO;
				DEBUG_INFORMATION_FORMAT = dwarf;
				ENABLE_STRICT_OBJC_MSGSEND = YES;
				ENABLE_TESTABILITY = YES;
				GCC_C_LANGUAGE_STANDARD = gnu11;
				GCC_DYNAMIC_NO_PIC = NO;
				GCC_NO_COMMON_BLOCKS = YES;
				GCC_OPTIMIZATION_LEVEL = 0;
				GCC_PREPROCESSOR_DEFINITIONS = (
					"DEBUG=1",
					"$(inherited)",
				);
				GCC_WARN_64_TO_32_BIT_CONVERSION = YES;
				GCC_WARN_ABOUT_RETURN_TYPE = YES_ERROR;
				GCC_WARN_UNDECLARED_SELECTOR = YES;
				GCC_WARN_UNINITIALIZED_AUTOS = YES_AGGRESSIVE;
				GCC_WARN_UNUSED_FUNCTION = YES;
				GCC_WARN_UNUSED_VARIABLE = YES;
				IPHONEOS_DEPLOYMENT_TARGET = 14.5;
				MTL_ENABLE_DEBUG_INFO = INCLUDE_SOURCE;
				MTL_FAST_MATH = YES;
				ONLY_ACTIVE_ARCH = YES;
				SDKROOT = iphoneos;
				SWIFT_ACTIVE_COMPILATION_CONDITIONS = DEBUG;
				SWIFT_OPTIMIZATION_LEVEL = "-Onone";
			};
			name = Debug;
		};
		FA1CF26726F24E8800C5E3F6 /* Release */ = {
			isa = XCBuildConfiguration;
			buildSettings = {
				ALWAYS_SEARCH_USER_PATHS = NO;
				CLANG_ANALYZER_NONNULL = YES;
				CLANG_ANALYZER_NUMBER_OBJECT_CONVERSION = YES_AGGRESSIVE;
				CLANG_CXX_LANGUAGE_STANDARD = "gnu++14";
				CLANG_CXX_LIBRARY = "libc++";
				CLANG_ENABLE_MODULES = YES;
				CLANG_ENABLE_OBJC_ARC = YES;
				CLANG_ENABLE_OBJC_WEAK = YES;
				CLANG_WARN_BLOCK_CAPTURE_AUTORELEASING = YES;
				CLANG_WARN_BOOL_CONVERSION = YES;
				CLANG_WARN_COMMA = YES;
				CLANG_WARN_CONSTANT_CONVERSION = YES;
				CLANG_WARN_DEPRECATED_OBJC_IMPLEMENTATIONS = YES;
				CLANG_WARN_DIRECT_OBJC_ISA_USAGE = YES_ERROR;
				CLANG_WARN_DOCUMENTATION_COMMENTS = YES;
				CLANG_WARN_EMPTY_BODY = YES;
				CLANG_WARN_ENUM_CONVERSION = YES;
				CLANG_WARN_INFINITE_RECURSION = YES;
				CLANG_WARN_INT_CONVERSION = YES;
				CLANG_WARN_NON_LITERAL_NULL_CONVERSION = YES;
				CLANG_WARN_OBJC_IMPLICIT_RETAIN_SELF = YES;
				CLANG_WARN_OBJC_LITERAL_CONVERSION = YES;
				CLANG_WARN_OBJC_ROOT_CLASS = YES_ERROR;
				CLANG_WARN_QUOTED_INCLUDE_IN_FRAMEWORK_HEADER = YES;
				CLANG_WARN_RANGE_LOOP_ANALYSIS = YES;
				CLANG_WARN_STRICT_PROTOTYPES = YES;
				CLANG_WARN_SUSPICIOUS_MOVE = YES;
				CLANG_WARN_UNGUARDED_AVAILABILITY = YES_AGGRESSIVE;
				CLANG_WARN_UNREACHABLE_CODE = YES;
				CLANG_WARN__DUPLICATE_METHOD_MATCH = YES;
				COPY_PHASE_STRIP = NO;
				DEBUG_INFORMATION_FORMAT = "dwarf-with-dsym";
				ENABLE_NS_ASSERTIONS = NO;
				ENABLE_STRICT_OBJC_MSGSEND = YES;
				GCC_C_LANGUAGE_STANDARD = gnu11;
				GCC_NO_COMMON_BLOCKS = YES;
				GCC_WARN_64_TO_32_BIT_CONVERSION = YES;
				GCC_WARN_ABOUT_RETURN_TYPE = YES_ERROR;
				GCC_WARN_UNDECLARED_SELECTOR = YES;
				GCC_WARN_UNINITIALIZED_AUTOS = YES_AGGRESSIVE;
				GCC_WARN_UNUSED_FUNCTION = YES;
				GCC_WARN_UNUSED_VARIABLE = YES;
				IPHONEOS_DEPLOYMENT_TARGET = 14.5;
				MTL_ENABLE_DEBUG_INFO = NO;
				MTL_FAST_MATH = YES;
				SDKROOT = iphoneos;
				SWIFT_COMPILATION_MODE = wholemodule;
				SWIFT_OPTIMIZATION_LEVEL = "-O";
				VALIDATE_PRODUCT = YES;
			};
			name = Release;
		};
		FA1CF26926F24E8800C5E3F6 /* Debug */ = {
			isa = XCBuildConfiguration;
			buildSettings = {
				ASSETCATALOG_COMPILER_APPICON_NAME = AppIcon;
				ASSETCATALOG_COMPILER_GLOBAL_ACCENT_COLOR_NAME = AccentColor;
				CODE_SIGN_STYLE = Automatic;
				INFOPLIST_FILE = photosSearchTestApp/Info.plist;
				LD_RUNPATH_SEARCH_PATHS = (
					"$(inherited)",
					"@executable_path/Frameworks",
				);
				PRODUCT_BUNDLE_IDENTIFIER = "wo-Omati.photosSearchTestApp";
				PRODUCT_NAME = "$(TARGET_NAME)";
				SWIFT_VERSION = 5.0;
				TARGETED_DEVICE_FAMILY = "1,2";
			};
			name = Debug;
		};
		FA1CF26A26F24E8800C5E3F6 /* Release */ = {
			isa = XCBuildConfiguration;
			buildSettings = {
				ASSETCATALOG_COMPILER_APPICON_NAME = AppIcon;
				ASSETCATALOG_COMPILER_GLOBAL_ACCENT_COLOR_NAME = AccentColor;
				CODE_SIGN_STYLE = Automatic;
				INFOPLIST_FILE = photosSearchTestApp/Info.plist;
				LD_RUNPATH_SEARCH_PATHS = (
					"$(inherited)",
					"@executable_path/Frameworks",
				);
				PRODUCT_BUNDLE_IDENTIFIER = "wo-Omati.photosSearchTestApp";
				PRODUCT_NAME = "$(TARGET_NAME)";
				SWIFT_VERSION = 5.0;
				TARGETED_DEVICE_FAMILY = "1,2";
			};
			name = Release;
		};
/* End XCBuildConfiguration section */

/* Begin XCConfigurationList section */
		FA1CF23926F24E8500C5E3F6 /* Build configuration list for PBXProject "photosSearchTestApp" */ = {
			isa = XCConfigurationList;
			buildConfigurations = (
				FA1CF26626F24E8800C5E3F6 /* Debug */,
				FA1CF26726F24E8800C5E3F6 /* Release */,
			);
			defaultConfigurationIsVisible = 0;
			defaultConfigurationName = Release;
		};
		FA1CF26826F24E8800C5E3F6 /* Build configuration list for PBXNativeTarget "photosSearchTestApp" */ = {
			isa = XCConfigurationList;
			buildConfigurations = (
				FA1CF26926F24E8800C5E3F6 /* Debug */,
				FA1CF26A26F24E8800C5E3F6 /* Release */,
			);
			defaultConfigurationIsVisible = 0;
			defaultConfigurationName = Release;
		};
/* End XCConfigurationList section */

/* Begin XCRemoteSwiftPackageReference section */
		FA2FBAA026F6928900678F0C /* XCRemoteSwiftPackageReference "Kingfisher" */ = {
			isa = XCRemoteSwiftPackageReference;
			repositoryURL = "https://github.com/onevcat/Kingfisher.git";
			requirement = {
				kind = exactVersion;
				version = 6.3.1;
			};
		};
/* End XCRemoteSwiftPackageReference section */

/* Begin XCSwiftPackageProductDependency section */
		FA2FBAA126F6928900678F0C /* Kingfisher */ = {
			isa = XCSwiftPackageProductDependency;
			package = FA2FBAA026F6928900678F0C /* XCRemoteSwiftPackageReference "Kingfisher" */;
			productName = Kingfisher;
		};
/* End XCSwiftPackageProductDependency section */
	};
	rootObject = FA1CF23626F24E8500C5E3F6 /* Project object */;
}
